
Microsoft Visual Studio Solution File, Format Version 12.00
# Visual Studio Version 16
VisualStudioVersion = 16.0.30413.136
MinimumVisualStudioVersion = 10.0.40219.1
Project("{9A19103F-16F7-4668-BE54-9A1E7A4F7556}") = "MpvIpcController", "MpvIpcController\MpvIpcController.csproj", "{7E292479-DEB3-42DF-8444-C6906361F950}"
EndProject
Project("{9A19103F-16F7-4668-BE54-9A1E7A4F7556}") = "MpvIpcController.Tests", "MpvIpcController.Tests\MpvIpcController.Tests.csproj", "{BD01B3C0-BD5F-48A6-B39B-ED7B4D4EDD8E}"
EndProject
Project("{2150E333-8FDC-42A3-9474-1A3956D46DE8}") = "Solution Items", "Solution Items", "{0C63EBF6-AC17-4C0C-A5CF-8D402F4012A0}"
	ProjectSection(SolutionItems) = preProject
		.editorconfig = .editorconfig
	EndProjectSection
EndProject
Project("{9A19103F-16F7-4668-BE54-9A1E7A4F7556}") = "HanumanInstitute.Validators", "..\HanumanInstitute.Validators\Validators\HanumanInstitute.Validators.csproj", "{67D8A2ED-7D9B-4824-8BDD-AD3E62DF449B}"
EndProject
Global
	GlobalSection(SolutionConfigurationPlatforms) = preSolution
		Debug|Any CPU = Debug|Any CPU
		Release|Any CPU = Release|Any CPU
	EndGlobalSection
	GlobalSection(ProjectConfigurationPlatforms) = postSolution
		{7E292479-DEB3-42DF-8444-C6906361F950}.Debug|Any CPU.ActiveCfg = Debug|Any CPU
		{7E292479-DEB3-42DF-8444-C6906361F950}.Debug|Any CPU.Build.0 = Debug|Any CPU
		{7E292479-DEB3-42DF-8444-C6906361F950}.Release|Any CPU.ActiveCfg = Release|Any CPU
		{7E292479-DEB3-42DF-8444-C6906361F950}.Release|Any CPU.Build.0 = Release|Any CPU
		{BD01B3C0-BD5F-48A6-B39B-ED7B4D4EDD8E}.Debug|Any CPU.ActiveCfg = Debug|Any CPU
		{BD01B3C0-BD5F-48A6-B39B-ED7B4D4EDD8E}.Debug|Any CPU.Build.0 = Debug|Any CPU
		{BD01B3C0-BD5F-48A6-B39B-ED7B4D4EDD8E}.Release|Any CPU.ActiveCfg = Release|Any CPU
		{BD01B3C0-BD5F-48A6-B39B-ED7B4D4EDD8E}.Release|Any CPU.Build.0 = Release|Any CPU
		{67D8A2ED-7D9B-4824-8BDD-AD3E62DF449B}.Debug|Any CPU.ActiveCfg = Debug|Any CPU
		{67D8A2ED-7D9B-4824-8BDD-AD3E62DF449B}.Debug|Any CPU.Build.0 = Debug|Any CPU
		{67D8A2ED-7D9B-4824-8BDD-AD3E62DF449B}.Release|Any CPU.ActiveCfg = Release|Any CPU
		{67D8A2ED-7D9B-4824-8BDD-AD3E62DF449B}.Release|Any CPU.Build.0 = Release|Any CPU
	EndGlobalSection
	GlobalSection(SolutionProperties) = preSolution
		HideSolutionNode = FALSE
	EndGlobalSection
	GlobalSection(ExtensibilityGlobals) = postSolution
		SolutionGuid = {D255B912-8AB3-41AA-AB3C-3D31AF9242D5}
	EndGlobalSection
EndGlobal
